
Microsoft Visual Studio Solution File, Format Version 11.00
# Visual Studio 2010
Project("{8BC9CEB8-8B4A-11D0-8D11-00A0C91BC942}") = "as", "as\as.vcxproj", "{21DEF22B-823D-4C99-96BE-B530D81AE783}"
EndProject
Global
	GlobalSection(SolutionConfigurationPlatforms) = preSolution
		Debug|Win32 = Debug|Win32
		Release|Win32 = Release|Win32
	EndGlobalSection
	GlobalSection(ProjectConfigurationPlatforms) = postSolution
		{21DEF22B-823D-4C99-96BE-B530D81AE783}.Debug|Win32.ActiveCfg = Debug|Win32
		{21DEF22B-823D-4C99-96BE-B530D81AE783}.Debug|Win32.Build.0 = Debug|Win32
		{21DEF22B-823D-4C99-96BE-B530D81AE783}.Release|Win32.ActiveCfg = Release|Win32
		{21DEF22B-823D-4C99-96BE-B530D81AE783}.Release|Win32.Build.0 = Release|Win32
	EndGlobalSection
	GlobalSection(SolutionProperties) = preSolution
		HideSolutionNode = FALSE
	EndGlobalSection
EndGlobal
